
Microsoft Visual Studio Solution File, Format Version 12.00
# Visual Studio 15
VisualStudioVersion = 15.0.26730.16
MinimumVisualStudioVersion = 10.0.40219.1
Project("{FAE04EC0-301F-11D3-BF4B-00C04F79EFBC}") = "passwdhk-config-2017", "passwdhk-config-2017.csproj", "{EE3F416E-25AB-4D4E-A957-086F1CC4603A}"
EndProject
Global
	GlobalSection(SolutionConfigurationPlatforms) = preSolution
		Debug|Any CPU = Debug|Any CPU
		Release|Any CPU = Release|Any CPU
	EndGlobalSection
	GlobalSection(ProjectConfigurationPlatforms) = postSolution
		{EE3F416E-25AB-4D4E-A957-086F1CC4603A}.Debug|Any CPU.ActiveCfg = Debug|Any CPU
		{EE3F416E-25AB-4D4E-A957-086F1CC4603A}.Debug|Any CPU.Build.0 = Debug|Any CPU
		{EE3F416E-25AB-4D4E-A957-086F1CC4603A}.Release|Any CPU.ActiveCfg = Release|Any CPU
		{EE3F416E-25AB-4D4E-A957-086F1CC4603A}.Release|Any CPU.Build.0 = Release|Any CPU
	EndGlobalSection
	GlobalSection(SolutionProperties) = preSolution
		HideSolutionNode = FALSE
	EndGlobalSection
	GlobalSection(ExtensibilityGlobals) = postSolution
		SolutionGuid = {0E03F3A6-BBDD-44FC-A1C0-E116D4C39245}
	EndGlobalSection
EndGlobal
